// !$*UTF8*$!
{
	archiveVersion = 1;
	classes = {
	};
	objectVersion = 77;
	objects = {

/* Begin PBXBuildFile section */
		A92369532CD77989007FA4E4 /* FirebaseAuth in Frameworks */ = {isa = PBXBuildFile; productRef = A92369522CD77989007FA4E4 /* FirebaseAuth */; };
		A92369552CD77996007FA4E4 /* FirebaseCore in Frameworks */ = {isa = PBXBuildFile; productRef = A92369542CD77996007FA4E4 /* FirebaseCore */; };
		A92369932CD779A8007FA4E4 /* FirebaseDatabase in Frameworks */ = {isa = PBXBuildFile; productRef = A92369922CD779A8007FA4E4 /* FirebaseDatabase */; };
		A92369952CD779AD007FA4E4 /* FirebaseFunctions in Frameworks */ = {isa = PBXBuildFile; productRef = A92369942CD779AD007FA4E4 /* FirebaseFunctions */; };
		A92369972CD779B9007FA4E4 /* FirebaseInstallations in Frameworks */ = {isa = PBXBuildFile; productRef = A92369962CD779B9007FA4E4 /* FirebaseInstallations */; };
		A92369992CD779B9007FA4E4 /* FirebaseMessaging in Frameworks */ = {isa = PBXBuildFile; productRef = A92369982CD779B9007FA4E4 /* FirebaseMessaging */; };
		A923699B2CD779C6007FA4E4 /* FirebaseRemoteConfig in Frameworks */ = {isa = PBXBuildFile; productRef = A923699A2CD779C6007FA4E4 /* FirebaseRemoteConfig */; };
		A923699D2CD779C6007FA4E4 /* FirebaseStorage in Frameworks */ = {isa = PBXBuildFile; productRef = A923699C2CD779C6007FA4E4 /* FirebaseStorage */; };
/* End PBXBuildFile section */

/* Begin PBXFileReference section */
		A923692C2CD77232007FA4E4 /* atehere-manager-swiftui.app */ = {isa = PBXFileReference; explicitFileType = wrapper.application; includeInIndex = 0; path = "atehere-manager-swiftui.app"; sourceTree = BUILT_PRODUCTS_DIR; };
/* End PBXFileReference section */

/* Begin PBXFileSystemSynchronizedRootGroup section */
		A923692E2CD77232007FA4E4 /* atehere-manager-swiftui */ = {
			isa = PBXFileSystemSynchronizedRootGroup;
			path = "atehere-manager-swiftui";
			sourceTree = "<group>";
		};
/* End PBXFileSystemSynchronizedRootGroup section */

/* Begin PBXFrameworksBuildPhase section */
		A92369292CD77232007FA4E4 /* Frameworks */ = {
			isa = PBXFrameworksBuildPhase;
			buildActionMask = 2147483647;
			files = (
				A92369992CD779B9007FA4E4 /* FirebaseMessaging in Frameworks */,
				A92369932CD779A8007FA4E4 /* FirebaseDatabase in Frameworks */,
				A92369552CD77996007FA4E4 /* FirebaseCore in Frameworks */,
				A923699B2CD779C6007FA4E4 /* FirebaseRemoteConfig in Frameworks */,
				A92369532CD77989007FA4E4 /* FirebaseAuth in Frameworks */,
				A923699D2CD779C6007FA4E4 /* FirebaseStorage in Frameworks */,
				A92369952CD779AD007FA4E4 /* FirebaseFunctions in Frameworks */,
				A92369972CD779B9007FA4E4 /* FirebaseInstallations in Frameworks */,
			);
			runOnlyForDeploymentPostprocessing = 0;
		};
/* End PBXFrameworksBuildPhase section */

/* Begin PBXGroup section */
		A92369232CD77232007FA4E4 = {
			isa = PBXGroup;
			children = (
				A923692E2CD77232007FA4E4 /* atehere-manager-swiftui */,
				A92369512CD77989007FA4E4 /* Frameworks */,
				A923692D2CD77232007FA4E4 /* Products */,
			);
			sourceTree = "<group>";
		};
		A923692D2CD77232007FA4E4 /* Products */ = {
			isa = PBXGroup;
			children = (
				A923692C2CD77232007FA4E4 /* atehere-manager-swiftui.app */,
			);
			name = Products;
			sourceTree = "<group>";
		};
		A92369512CD77989007FA4E4 /* Frameworks */ = {
			isa = PBXGroup;
			children = (
			);
			name = Frameworks;
			sourceTree = "<group>";
		};
/* End PBXGroup section */

/* Begin PBXNativeTarget section */
		A923692B2CD77232007FA4E4 /* atehere-manager-swiftui */ = {
			isa = PBXNativeTarget;
			buildConfigurationList = A923693A2CD77233007FA4E4 /* Build configuration list for PBXNativeTarget "atehere-manager-swiftui" */;
			buildPhases = (
				A92369282CD77232007FA4E4 /* Sources */,
				A92369292CD77232007FA4E4 /* Frameworks */,
				A923692A2CD77232007FA4E4 /* Resources */,
			);
			buildRules = (
			);
			dependencies = (
			);
			fileSystemSynchronizedGroups = (
				A923692E2CD77232007FA4E4 /* atehere-manager-swiftui */,
			);
			name = "atehere-manager-swiftui";
			packageProductDependencies = (
				A92369522CD77989007FA4E4 /* FirebaseAuth */,
				A92369542CD77996007FA4E4 /* FirebaseCore */,
				A92369922CD779A8007FA4E4 /* FirebaseDatabase */,
				A92369942CD779AD007FA4E4 /* FirebaseFunctions */,
				A92369962CD779B9007FA4E4 /* FirebaseInstallations */,
				A92369982CD779B9007FA4E4 /* FirebaseMessaging */,
				A923699A2CD779C6007FA4E4 /* FirebaseRemoteConfig */,
				A923699C2CD779C6007FA4E4 /* FirebaseStorage */,
			);
			productName = "atehere-manager-swiftui";
			productReference = A923692C2CD77232007FA4E4 /* atehere-manager-swiftui.app */;
			productType = "com.apple.product-type.application";
		};
/* End PBXNativeTarget section */

/* Begin PBXProject section */
		A92369242CD77232007FA4E4 /* Project object */ = {
			isa = PBXProject;
			attributes = {
				BuildIndependentTargetsInParallel = 1;
				LastSwiftUpdateCheck = 1600;
				LastUpgradeCheck = 1600;
				TargetAttributes = {
					A923692B2CD77232007FA4E4 = {
						CreatedOnToolsVersion = 16.0;
					};
				};
			};
			buildConfigurationList = A92369272CD77232007FA4E4 /* Build configuration list for PBXProject "atehere-manager-swiftui" */;
			developmentRegion = en;
			hasScannedForEncodings = 0;
			knownRegions = (
				en,
				Base,
			);
			mainGroup = A92369232CD77232007FA4E4;
			minimizedProjectReferenceProxies = 1;
			packageReferences = (
				A92369502CD7797B007FA4E4 /* XCRemoteSwiftPackageReference "firebase-ios-sdk" */,
			);
			preferredProjectObjectVersion = 77;
			productRefGroup = A923692D2CD77232007FA4E4 /* Products */;
			projectDirPath = "";
			projectRoot = "";
			targets = (
				A923692B2CD77232007FA4E4 /* atehere-manager-swiftui */,
			);
		};
/* End PBXProject section */

/* Begin PBXResourcesBuildPhase section */
		A923692A2CD77232007FA4E4 /* Resources */ = {
			isa = PBXResourcesBuildPhase;
			buildActionMask = 2147483647;
			files = (
			);
			runOnlyForDeploymentPostprocessing = 0;
		};
/* End PBXResourcesBuildPhase section */

/* Begin PBXSourcesBuildPhase section */
		A92369282CD77232007FA4E4 /* Sources */ = {
			isa = PBXSourcesBuildPhase;
			buildActionMask = 2147483647;
			files = (
			);
			runOnlyForDeploymentPostprocessing = 0;
		};
/* End PBXSourcesBuildPhase section */

/* Begin XCBuildConfiguration section */
		A92369382CD77233007FA4E4 /* Debug */ = {
			isa = XCBuildConfiguration;
			buildSettings = {
				ALWAYS_SEARCH_USER_PATHS = NO;
				ASSETCATALOG_COMPILER_GENERATE_SWIFT_ASSET_SYMBOL_EXTENSIONS = YES;
				CLANG_ANALYZER_NONNULL = YES;
				CLANG_ANALYZER_NUMBER_OBJECT_CONVERSION = YES_AGGRESSIVE;
				CLANG_CXX_LANGUAGE_STANDARD = "gnu++20";
				CLANG_ENABLE_MODULES = YES;
				CLANG_ENABLE_OBJC_ARC = YES;
				CLANG_ENABLE_OBJC_WEAK = YES;
				CLANG_WARN_BLOCK_CAPTURE_AUTORELEASING = YES;
				CLANG_WARN_BOOL_CONVERSION = YES;
				CLANG_WARN_COMMA = YES;
				CLANG_WARN_CONSTANT_CONVERSION = YES;
				CLANG_WARN_DEPRECATED_OBJC_IMPLEMENTATIONS = YES;
				CLANG_WARN_DIRECT_OBJC_ISA_USAGE = YES_ERROR;
				CLANG_WARN_DOCUMENTATION_COMMENTS = YES;
				CLANG_WARN_EMPTY_BODY = YES;
				CLANG_WARN_ENUM_CONVERSION = YES;
				CLANG_WARN_INFINITE_RECURSION = YES;
				CLANG_WARN_INT_CONVERSION = YES;
				CLANG_WARN_NON_LITERAL_NULL_CONVERSION = YES;
				CLANG_WARN_OBJC_IMPLICIT_RETAIN_SELF = YES;
				CLANG_WARN_OBJC_LITERAL_CONVERSION = YES;
				CLANG_WARN_OBJC_ROOT_CLASS = YES_ERROR;
				CLANG_WARN_QUOTED_INCLUDE_IN_FRAMEWORK_HEADER = YES;
				CLANG_WARN_RANGE_LOOP_ANALYSIS = YES;
				CLANG_WARN_STRICT_PROTOTYPES = YES;
				CLANG_WARN_SUSPICIOUS_MOVE = YES;
				CLANG_WARN_UNGUARDED_AVAILABILITY = YES_AGGRESSIVE;
				CLANG_WARN_UNREACHABLE_CODE = YES;
				CLANG_WARN__DUPLICATE_METHOD_MATCH = YES;
				COPY_PHASE_STRIP = NO;
				DEBUG_INFORMATION_FORMAT = dwarf;
				ENABLE_STRICT_OBJC_MSGSEND = YES;
				ENABLE_TESTABILITY = YES;
				ENABLE_USER_SCRIPT_SANDBOXING = YES;
				GCC_C_LANGUAGE_STANDARD = gnu17;
				GCC_DYNAMIC_NO_PIC = NO;
				GCC_NO_COMMON_BLOCKS = YES;
				GCC_OPTIMIZATION_LEVEL = 0;
				GCC_PREPROCESSOR_DEFINITIONS = (
					"DEBUG=1",
					"$(inherited)",
				);
				GCC_WARN_64_TO_32_BIT_CONVERSION = YES;
				GCC_WARN_ABOUT_RETURN_TYPE = YES_ERROR;
				GCC_WARN_UNDECLARED_SELECTOR = YES;
				GCC_WARN_UNINITIALIZED_AUTOS = YES_AGGRESSIVE;
				GCC_WARN_UNUSED_FUNCTION = YES;
				GCC_WARN_UNUSED_VARIABLE = YES;
				IPHONEOS_DEPLOYMENT_TARGET = 18.0;
				LOCALIZATION_PREFERS_STRING_CATALOGS = YES;
				MTL_ENABLE_DEBUG_INFO = INCLUDE_SOURCE;
				MTL_FAST_MATH = YES;
				ONLY_ACTIVE_ARCH = YES;
				SDKROOT = iphoneos;
				SWIFT_ACTIVE_COMPILATION_CONDITIONS = "DEBUG $(inherited)";
				SWIFT_OPTIMIZATION_LEVEL = "-Onone";
			};
			name = Debug;
		};
		A92369392CD77233007FA4E4 /* Release */ = {
			isa = XCBuildConfiguration;
			buildSettings = {
				ALWAYS_SEARCH_USER_PATHS = NO;
				ASSETCATALOG_COMPILER_GENERATE_SWIFT_ASSET_SYMBOL_EXTENSIONS = YES;
				CLANG_ANALYZER_NONNULL = YES;
				CLANG_ANALYZER_NUMBER_OBJECT_CONVERSION = YES_AGGRESSIVE;
				CLANG_CXX_LANGUAGE_STANDARD = "gnu++20";
				CLANG_ENABLE_MODULES = YES;
				CLANG_ENABLE_OBJC_ARC = YES;
				CLANG_ENABLE_OBJC_WEAK = YES;
				CLANG_WARN_BLOCK_CAPTURE_AUTORELEASING = YES;
				CLANG_WARN_BOOL_CONVERSION = YES;
				CLANG_WARN_COMMA = YES;
				CLANG_WARN_CONSTANT_CONVERSION = YES;
				CLANG_WARN_DEPRECATED_OBJC_IMPLEMENTATIONS = YES;
				CLANG_WARN_DIRECT_OBJC_ISA_USAGE = YES_ERROR;
				CLANG_WARN_DOCUMENTATION_COMMENTS = YES;
				CLANG_WARN_EMPTY_BODY = YES;
				CLANG_WARN_ENUM_CONVERSION = YES;
				CLANG_WARN_INFINITE_RECURSION = YES;
				CLANG_WARN_INT_CONVERSION = YES;
				CLANG_WARN_NON_LITERAL_NULL_CONVERSION = YES;
				CLANG_WARN_OBJC_IMPLICIT_RETAIN_SELF = YES;
				CLANG_WARN_OBJC_LITERAL_CONVERSION = YES;
				CLANG_WARN_OBJC_ROOT_CLASS = YES_ERROR;
				CLANG_WARN_QUOTED_INCLUDE_IN_FRAMEWORK_HEADER = YES;
				CLANG_WARN_RANGE_LOOP_ANALYSIS = YES;
				CLANG_WARN_STRICT_PROTOTYPES = YES;
				CLANG_WARN_SUSPICIOUS_MOVE = YES;
				CLANG_WARN_UNGUARDED_AVAILABILITY = YES_AGGRESSIVE;
				CLANG_WARN_UNREACHABLE_CODE = YES;
				CLANG_WARN__DUPLICATE_METHOD_MATCH = YES;
				COPY_PHASE_STRIP = NO;
				DEBUG_INFORMATION_FORMAT = "dwarf-with-dsym";
				ENABLE_NS_ASSERTIONS = NO;
				ENABLE_STRICT_OBJC_MSGSEND = YES;
				ENABLE_USER_SCRIPT_SANDBOXING = YES;
				GCC_C_LANGUAGE_STANDARD = gnu17;
				GCC_NO_COMMON_BLOCKS = YES;
				GCC_WARN_64_TO_32_BIT_CONVERSION = YES;
				GCC_WARN_ABOUT_RETURN_TYPE = YES_ERROR;
				GCC_WARN_UNDECLARED_SELECTOR = YES;
				GCC_WARN_UNINITIALIZED_AUTOS = YES_AGGRESSIVE;
				GCC_WARN_UNUSED_FUNCTION = YES;
				GCC_WARN_UNUSED_VARIABLE = YES;
				IPHONEOS_DEPLOYMENT_TARGET = 18.0;
				LOCALIZATION_PREFERS_STRING_CATALOGS = YES;
				MTL_ENABLE_DEBUG_INFO = NO;
				MTL_FAST_MATH = YES;
				SDKROOT = iphoneos;
				SWIFT_COMPILATION_MODE = wholemodule;
				VALIDATE_PRODUCT = YES;
			};
			name = Release;
		};
		A923693B2CD77233007FA4E4 /* Debug */ = {
			isa = XCBuildConfiguration;
			buildSettings = {
				ASSETCATALOG_COMPILER_APPICON_NAME = AppIcon;
				ASSETCATALOG_COMPILER_GLOBAL_ACCENT_COLOR_NAME = AccentColor;
				CODE_SIGN_STYLE = Automatic;
				CURRENT_PROJECT_VERSION = 1;
				DEVELOPMENT_ASSET_PATHS = "\"atehere-manager-swiftui/Preview Content\"";
				DEVELOPMENT_TEAM = 4N6J37WBKS;
				ENABLE_PREVIEWS = YES;
				GENERATE_INFOPLIST_FILE = YES;
				INFOPLIST_KEY_UIApplicationSceneManifest_Generation = YES;
				INFOPLIST_KEY_UIApplicationSupportsIndirectInputEvents = YES;
				INFOPLIST_KEY_UILaunchScreen_Generation = YES;
				INFOPLIST_KEY_UISupportedInterfaceOrientations_iPad = "UIInterfaceOrientationPortrait UIInterfaceOrientationPortraitUpsideDown UIInterfaceOrientationLandscapeLeft UIInterfaceOrientationLandscapeRight";
				INFOPLIST_KEY_UISupportedInterfaceOrientations_iPhone = "UIInterfaceOrientationPortrait UIInterfaceOrientationLandscapeLeft UIInterfaceOrientationLandscapeRight";
				IPHONEOS_DEPLOYMENT_TARGET = 17.6;
				LD_RUNPATH_SEARCH_PATHS = (
					"$(inherited)",
					"@executable_path/Frameworks",
				);
				MARKETING_VERSION = 1.0;
				PRODUCT_BUNDLE_IDENTIFIER = "media.dorduncuboyut.atehere-manager";
				PRODUCT_NAME = "$(TARGET_NAME)";
				SWIFT_EMIT_LOC_STRINGS = YES;
				SWIFT_VERSION = 5.0;
				TARGETED_DEVICE_FAMILY = "1,2";
			};
			name = Debug;
		};
		A923693C2CD77233007FA4E4 /* Release */ = {
			isa = XCBuildConfiguration;
			buildSettings = {
				ASSETCATALOG_COMPILER_APPICON_NAME = AppIcon;
				ASSETCATALOG_COMPILER_GLOBAL_ACCENT_COLOR_NAME = AccentColor;
				CODE_SIGN_STYLE = Automatic;
				CURRENT_PROJECT_VERSION = 1;
				DEVELOPMENT_ASSET_PATHS = "\"atehere-manager-swiftui/Preview Content\"";
				DEVELOPMENT_TEAM = 4N6J37WBKS;
				ENABLE_PREVIEWS = YES;
				GENERATE_INFOPLIST_FILE = YES;
				INFOPLIST_KEY_UIApplicationSceneManifest_Generation = YES;
				INFOPLIST_KEY_UIApplicationSupportsIndirectInputEvents = YES;
				INFOPLIST_KEY_UILaunchScreen_Generation = YES;
				INFOPLIST_KEY_UISupportedInterfaceOrientations_iPad = "UIInterfaceOrientationPortrait UIInterfaceOrientationPortraitUpsideDown UIInterfaceOrientationLandscapeLeft UIInterfaceOrientationLandscapeRight";
				INFOPLIST_KEY_UISupportedInterfaceOrientations_iPhone = "UIInterfaceOrientationPortrait UIInterfaceOrientationLandscapeLeft UIInterfaceOrientationLandscapeRight";
				IPHONEOS_DEPLOYMENT_TARGET = 17.6;
				LD_RUNPATH_SEARCH_PATHS = (
					"$(inherited)",
					"@executable_path/Frameworks",
				);
				MARKETING_VERSION = 1.0;
				PRODUCT_BUNDLE_IDENTIFIER = "media.dorduncuboyut.atehere-manager";
				PRODUCT_NAME = "$(TARGET_NAME)";
				SWIFT_EMIT_LOC_STRINGS = YES;
				SWIFT_VERSION = 5.0;
				TARGETED_DEVICE_FAMILY = "1,2";
			};
			name = Release;
		};
/* End XCBuildConfiguration section */

/* Begin XCConfigurationList section */
		A92369272CD77232007FA4E4 /* Build configuration list for PBXProject "atehere-manager-swiftui" */ = {
			isa = XCConfigurationList;
			buildConfigurations = (
				A92369382CD77233007FA4E4 /* Debug */,
				A92369392CD77233007FA4E4 /* Release */,
			);
			defaultConfigurationIsVisible = 0;
			defaultConfigurationName = Release;
		};
		A923693A2CD77233007FA4E4 /* Build configuration list for PBXNativeTarget "atehere-manager-swiftui" */ = {
			isa = XCConfigurationList;
			buildConfigurations = (
				A923693B2CD77233007FA4E4 /* Debug */,
				A923693C2CD77233007FA4E4 /* Release */,
			);
			defaultConfigurationIsVisible = 0;
			defaultConfigurationName = Release;
		};
/* End XCConfigurationList section */

/* Begin XCRemoteSwiftPackageReference section */
		A92369502CD7797B007FA4E4 /* XCRemoteSwiftPackageReference "firebase-ios-sdk" */ = {
			isa = XCRemoteSwiftPackageReference;
			repositoryURL = "https://github.com/firebase/firebase-ios-sdk.git";
			requirement = {
				kind = upToNextMajorVersion;
				minimumVersion = 11.4.0;
			};
		};
/* End XCRemoteSwiftPackageReference section */

/* Begin XCSwiftPackageProductDependency section */
		A92369522CD77989007FA4E4 /* FirebaseAuth */ = {
			isa = XCSwiftPackageProductDependency;
			package = A92369502CD7797B007FA4E4 /* XCRemoteSwiftPackageReference "firebase-ios-sdk" */;
			productName = FirebaseAuth;
		};
		A92369542CD77996007FA4E4 /* FirebaseCore */ = {
			isa = XCSwiftPackageProductDependency;
			package = A92369502CD7797B007FA4E4 /* XCRemoteSwiftPackageReference "firebase-ios-sdk" */;
			productName = FirebaseCore;
		};
		A92369922CD779A8007FA4E4 /* FirebaseDatabase */ = {
			isa = XCSwiftPackageProductDependency;
			package = A92369502CD7797B007FA4E4 /* XCRemoteSwiftPackageReference "firebase-ios-sdk" */;
			productName = FirebaseDatabase;
		};
		A92369942CD779AD007FA4E4 /* FirebaseFunctions */ = {
			isa = XCSwiftPackageProductDependency;
			package = A92369502CD7797B007FA4E4 /* XCRemoteSwiftPackageReference "firebase-ios-sdk" */;
			productName = FirebaseFunctions;
		};
		A92369962CD779B9007FA4E4 /* FirebaseInstallations */ = {
			isa = XCSwiftPackageProductDependency;
			package = A92369502CD7797B007FA4E4 /* XCRemoteSwiftPackageReference "firebase-ios-sdk" */;
			productName = FirebaseInstallations;
		};
		A92369982CD779B9007FA4E4 /* FirebaseMessaging */ = {
			isa = XCSwiftPackageProductDependency;
			package = A92369502CD7797B007FA4E4 /* XCRemoteSwiftPackageReference "firebase-ios-sdk" */;
			productName = FirebaseMessaging;
		};
		A923699A2CD779C6007FA4E4 /* FirebaseRemoteConfig */ = {
			isa = XCSwiftPackageProductDependency;
			package = A92369502CD7797B007FA4E4 /* XCRemoteSwiftPackageReference "firebase-ios-sdk" */;
			productName = FirebaseRemoteConfig;
		};
		A923699C2CD779C6007FA4E4 /* FirebaseStorage */ = {
			isa = XCSwiftPackageProductDependency;
			package = A92369502CD7797B007FA4E4 /* XCRemoteSwiftPackageReference "firebase-ios-sdk" */;
			productName = FirebaseStorage;
		};
/* End XCSwiftPackageProductDependency section */
	};
	rootObject = A92369242CD77232007FA4E4 /* Project object */;
}
